
Microsoft Visual Studio Solution File, Format Version 12.00
# Visual Studio 15
VisualStudioVersion = 15.0.28307.329
MinimumVisualStudioVersion = 10.0.40219.1
Project("{FAE04EC0-301F-11D3-BF4B-00C04F79EFBC}") = "HMNGasApp.Tests", "HMNGasApp.Tests\HMNGasApp.Tests.csproj", "{1DBD3444-5844-4396-BF3D-4B517D511B52}"
EndProject
Project("{FAE04EC0-301F-11D3-BF4B-00C04F79EFBC}") = "HMNGasApp.Android", "HMNGasApp\HMNGasApp.Android\HMNGasApp.Android.csproj", "{7A96A781-6507-4E74-A54B-E1366A1224C3}"
EndProject
Project("{FAE04EC0-301F-11D3-BF4B-00C04F79EFBC}") = "HMNGasApp.iOS", "HMNGasApp\HMNGasApp.iOS\HMNGasApp.iOS.csproj", "{71172E69-3655-439B-BAE8-C2C993D8340A}"
EndProject
Project("{FAE04EC0-301F-11D3-BF4B-00C04F79EFBC}") = "HMNGasApp.UWP", "HMNGasApp\HMNGasApp.UWP\HMNGasApp.UWP.csproj", "{99C0CA39-75D3-494F-9AB2-0B4CFBC893C5}"
EndProject
Project("{FAE04EC0-301F-11D3-BF4B-00C04F79EFBC}") = "HMNGasApp", "HMNGasApp\HMNGasApp\HMNGasApp.csproj", "{1407FB7F-6AB8-41FE-ABF2-086AE2D849DB}"
EndProject
Project("{2150E333-8FDC-42A3-9474-1A3956D46DE8}") = "Solution Items", "Solution Items", "{9E2ED56C-FC28-4356-B081-E31643B4691C}"
EndProject
Global
	GlobalSection(SolutionConfigurationPlatforms) = preSolution
		Ad-Hoc|Any CPU = Ad-Hoc|Any CPU
		Ad-Hoc|ARM = Ad-Hoc|ARM
		Ad-Hoc|iPhone = Ad-Hoc|iPhone
		Ad-Hoc|iPhoneSimulator = Ad-Hoc|iPhoneSimulator
		Ad-Hoc|x64 = Ad-Hoc|x64
		Ad-Hoc|x86 = Ad-Hoc|x86
		AppStore|Any CPU = AppStore|Any CPU
		AppStore|ARM = AppStore|ARM
		AppStore|iPhone = AppStore|iPhone
		AppStore|iPhoneSimulator = AppStore|iPhoneSimulator
		AppStore|x64 = AppStore|x64
		AppStore|x86 = AppStore|x86
		Debug|Any CPU = Debug|Any CPU
		Debug|ARM = Debug|ARM
		Debug|iPhone = Debug|iPhone
		Debug|iPhoneSimulator = Debug|iPhoneSimulator
		Debug|x64 = Debug|x64
		Debug|x86 = Debug|x86
		Release|Any CPU = Release|Any CPU
		Release|ARM = Release|ARM
		Release|iPhone = Release|iPhone
		Release|iPhoneSimulator = Release|iPhoneSimulator
		Release|x64 = Release|x64
		Release|x86 = Release|x86
	EndGlobalSection
	GlobalSection(ProjectConfigurationPlatforms) = postSolution
		{1DBD3444-5844-4396-BF3D-4B517D511B52}.Ad-Hoc|Any CPU.ActiveCfg = Debug|Any CPU
		{1DBD3444-5844-4396-BF3D-4B517D511B52}.Ad-Hoc|Any CPU.Build.0 = Debug|Any CPU
		{1DBD3444-5844-4396-BF3D-4B517D511B52}.Ad-Hoc|ARM.ActiveCfg = Debug|Any CPU
		{1DBD3444-5844-4396-BF3D-4B517D511B52}.Ad-Hoc|ARM.Build.0 = Debug|Any CPU
		{1DBD3444-5844-4396-BF3D-4B517D511B52}.Ad-Hoc|iPhone.ActiveCfg = Debug|Any CPU
		{1DBD3444-5844-4396-BF3D-4B517D511B52}.Ad-Hoc|iPhone.Build.0 = Debug|Any CPU
		{1DBD3444-5844-4396-BF3D-4B517D511B52}.Ad-Hoc|iPhoneSimulator.ActiveCfg = Debug|Any CPU
		{1DBD3444-5844-4396-BF3D-4B517D511B52}.Ad-Hoc|iPhoneSimulator.Build.0 = Debug|Any CPU
		{1DBD3444-5844-4396-BF3D-4B517D511B52}.Ad-Hoc|x64.ActiveCfg = Debug|Any CPU
		{1DBD3444-5844-4396-BF3D-4B517D511B52}.Ad-Hoc|x64.Build.0 = Debug|Any CPU
		{1DBD3444-5844-4396-BF3D-4B517D511B52}.Ad-Hoc|x86.ActiveCfg = Debug|Any CPU
		{1DBD3444-5844-4396-BF3D-4B517D511B52}.Ad-Hoc|x86.Build.0 = Debug|Any CPU
		{1DBD3444-5844-4396-BF3D-4B517D511B52}.AppStore|Any CPU.ActiveCfg = Debug|Any CPU
		{1DBD3444-5844-4396-BF3D-4B517D511B52}.AppStore|Any CPU.Build.0 = Debug|Any CPU
		{1DBD3444-5844-4396-BF3D-4B517D511B52}.AppStore|ARM.ActiveCfg = Debug|Any CPU
		{1DBD3444-5844-4396-BF3D-4B517D511B52}.AppStore|ARM.Build.0 = Debug|Any CPU
		{1DBD3444-5844-4396-BF3D-4B517D511B52}.AppStore|iPhone.ActiveCfg = Debug|Any CPU
		{1DBD3444-5844-4396-BF3D-4B517D511B52}.AppStore|iPhone.Build.0 = Debug|Any CPU
		{1DBD3444-5844-4396-BF3D-4B517D511B52}.AppStore|iPhoneSimulator.ActiveCfg = Debug|Any CPU
		{1DBD3444-5844-4396-BF3D-4B517D511B52}.AppStore|iPhoneSimulator.Build.0 = Debug|Any CPU
		{1DBD3444-5844-4396-BF3D-4B517D511B52}.AppStore|x64.ActiveCfg = Debug|Any CPU
		{1DBD3444-5844-4396-BF3D-4B517D511B52}.AppStore|x64.Build.0 = Debug|Any CPU
		{1DBD3444-5844-4396-BF3D-4B517D511B52}.AppStore|x86.ActiveCfg = Debug|Any CPU
		{1DBD3444-5844-4396-BF3D-4B517D511B52}.AppStore|x86.Build.0 = Debug|Any CPU
		{1DBD3444-5844-4396-BF3D-4B517D511B52}.Debug|Any CPU.ActiveCfg = Debug|Any CPU
		{1DBD3444-5844-4396-BF3D-4B517D511B52}.Debug|Any CPU.Build.0 = Debug|Any CPU
		{1DBD3444-5844-4396-BF3D-4B517D511B52}.Debug|ARM.ActiveCfg = Debug|Any CPU
		{1DBD3444-5844-4396-BF3D-4B517D511B52}.Debug|ARM.Build.0 = Debug|Any CPU
		{1DBD3444-5844-4396-BF3D-4B517D511B52}.Debug|iPhone.ActiveCfg = Debug|Any CPU
		{1DBD3444-5844-4396-BF3D-4B517D511B52}.Debug|iPhone.Build.0 = Debug|Any CPU
		{1DBD3444-5844-4396-BF3D-4B517D511B52}.Debug|iPhoneSimulator.ActiveCfg = Debug|Any CPU
		{1DBD3444-5844-4396-BF3D-4B517D511B52}.Debug|iPhoneSimulator.Build.0 = Debug|Any CPU
		{1DBD3444-5844-4396-BF3D-4B517D511B52}.Debug|x64.ActiveCfg = Debug|Any CPU
		{1DBD3444-5844-4396-BF3D-4B517D511B52}.Debug|x64.Build.0 = Debug|Any CPU
		{1DBD3444-5844-4396-BF3D-4B517D511B52}.Debug|x86.ActiveCfg = Debug|Any CPU
		{1DBD3444-5844-4396-BF3D-4B517D511B52}.Debug|x86.Build.0 = Debug|Any CPU
		{1DBD3444-5844-4396-BF3D-4B517D511B52}.Release|Any CPU.ActiveCfg = Release|Any CPU
		{1DBD3444-5844-4396-BF3D-4B517D511B52}.Release|Any CPU.Build.0 = Release|Any CPU
		{1DBD3444-5844-4396-BF3D-4B517D511B52}.Release|ARM.ActiveCfg = Release|Any CPU
		{1DBD3444-5844-4396-BF3D-4B517D511B52}.Release|ARM.Build.0 = Release|Any CPU
		{1DBD3444-5844-4396-BF3D-4B517D511B52}.Release|iPhone.ActiveCfg = Release|Any CPU
		{1DBD3444-5844-4396-BF3D-4B517D511B52}.Release|iPhone.Build.0 = Release|Any CPU
		{1DBD3444-5844-4396-BF3D-4B517D511B52}.Release|iPhoneSimulator.ActiveCfg = Release|Any CPU
		{1DBD3444-5844-4396-BF3D-4B517D511B52}.Release|iPhoneSimulator.Build.0 = Release|Any CPU
		{1DBD3444-5844-4396-BF3D-4B517D511B52}.Release|x64.ActiveCfg = Release|Any CPU
		{1DBD3444-5844-4396-BF3D-4B517D511B52}.Release|x64.Build.0 = Release|Any CPU
		{1DBD3444-5844-4396-BF3D-4B517D511B52}.Release|x86.ActiveCfg = Release|Any CPU
		{1DBD3444-5844-4396-BF3D-4B517D511B52}.Release|x86.Build.0 = Release|Any CPU
		{7A96A781-6507-4E74-A54B-E1366A1224C3}.Ad-Hoc|Any CPU.ActiveCfg = Release|Any CPU
		{7A96A781-6507-4E74-A54B-E1366A1224C3}.Ad-Hoc|Any CPU.Build.0 = Release|Any CPU
		{7A96A781-6507-4E74-A54B-E1366A1224C3}.Ad-Hoc|Any CPU.Deploy.0 = Release|Any CPU
		{7A96A781-6507-4E74-A54B-E1366A1224C3}.Ad-Hoc|ARM.ActiveCfg = Release|Any CPU
		{7A96A781-6507-4E74-A54B-E1366A1224C3}.Ad-Hoc|ARM.Build.0 = Release|Any CPU
		{7A96A781-6507-4E74-A54B-E1366A1224C3}.Ad-Hoc|ARM.Deploy.0 = Release|Any CPU
		{7A96A781-6507-4E74-A54B-E1366A1224C3}.Ad-Hoc|iPhone.ActiveCfg = Release|Any CPU
		{7A96A781-6507-4E74-A54B-E1366A1224C3}.Ad-Hoc|iPhone.Build.0 = Release|Any CPU
		{7A96A781-6507-4E74-A54B-E1366A1224C3}.Ad-Hoc|iPhone.Deploy.0 = Release|Any CPU
		{7A96A781-6507-4E74-A54B-E1366A1224C3}.Ad-Hoc|iPhoneSimulator.ActiveCfg = Release|Any CPU
		{7A96A781-6507-4E74-A54B-E1366A1224C3}.Ad-Hoc|iPhoneSimulator.Build.0 = Release|Any CPU
		{7A96A781-6507-4E74-A54B-E1366A1224C3}.Ad-Hoc|iPhoneSimulator.Deploy.0 = Release|Any CPU
		{7A96A781-6507-4E74-A54B-E1366A1224C3}.Ad-Hoc|x64.ActiveCfg = Release|Any CPU
		{7A96A781-6507-4E74-A54B-E1366A1224C3}.Ad-Hoc|x64.Build.0 = Release|Any CPU
		{7A96A781-6507-4E74-A54B-E1366A1224C3}.Ad-Hoc|x64.Deploy.0 = Release|Any CPU
		{7A96A781-6507-4E74-A54B-E1366A1224C3}.Ad-Hoc|x86.ActiveCfg = Release|Any CPU
		{7A96A781-6507-4E74-A54B-E1366A1224C3}.Ad-Hoc|x86.Build.0 = Release|Any CPU
		{7A96A781-6507-4E74-A54B-E1366A1224C3}.Ad-Hoc|x86.Deploy.0 = Release|Any CPU
		{7A96A781-6507-4E74-A54B-E1366A1224C3}.AppStore|Any CPU.ActiveCfg = Release|Any CPU
		{7A96A781-6507-4E74-A54B-E1366A1224C3}.AppStore|Any CPU.Build.0 = Release|Any CPU
		{7A96A781-6507-4E74-A54B-E1366A1224C3}.AppStore|Any CPU.Deploy.0 = Release|Any CPU
		{7A96A781-6507-4E74-A54B-E1366A1224C3}.AppStore|ARM.ActiveCfg = Release|Any CPU
		{7A96A781-6507-4E74-A54B-E1366A1224C3}.AppStore|ARM.Build.0 = Release|Any CPU
		{7A96A781-6507-4E74-A54B-E1366A1224C3}.AppStore|ARM.Deploy.0 = Release|Any CPU
		{7A96A781-6507-4E74-A54B-E1366A1224C3}.AppStore|iPhone.ActiveCfg = Release|Any CPU
		{7A96A781-6507-4E74-A54B-E1366A1224C3}.AppStore|iPhone.Build.0 = Release|Any CPU
		{7A96A781-6507-4E74-A54B-E1366A1224C3}.AppStore|iPhone.Deploy.0 = Release|Any CPU
		{7A96A781-6507-4E74-A54B-E1366A1224C3}.AppStore|iPhoneSimulator.ActiveCfg = Release|Any CPU
		{7A96A781-6507-4E74-A54B-E1366A1224C3}.AppStore|iPhoneSimulator.Build.0 = Release|Any CPU
		{7A96A781-6507-4E74-A54B-E1366A1224C3}.AppStore|iPhoneSimulator.Deploy.0 = Release|Any CPU
		{7A96A781-6507-4E74-A54B-E1366A1224C3}.AppStore|x64.ActiveCfg = Release|Any CPU
		{7A96A781-6507-4E74-A54B-E1366A1224C3}.AppStore|x64.Build.0 = Release|Any CPU
		{7A96A781-6507-4E74-A54B-E1366A1224C3}.AppStore|x64.Deploy.0 = Release|Any CPU
		{7A96A781-6507-4E74-A54B-E1366A1224C3}.AppStore|x86.ActiveCfg = Release|Any CPU
		{7A96A781-6507-4E74-A54B-E1366A1224C3}.AppStore|x86.Build.0 = Release|Any CPU
		{7A96A781-6507-4E74-A54B-E1366A1224C3}.AppStore|x86.Deploy.0 = Release|Any CPU
		{7A96A781-6507-4E74-A54B-E1366A1224C3}.Debug|Any CPU.ActiveCfg = Debug|Any CPU
		{7A96A781-6507-4E74-A54B-E1366A1224C3}.Debug|Any CPU.Build.0 = Debug|Any CPU
		{7A96A781-6507-4E74-A54B-E1366A1224C3}.Debug|Any CPU.Deploy.0 = Debug|Any CPU
		{7A96A781-6507-4E74-A54B-E1366A1224C3}.Debug|ARM.ActiveCfg = Debug|Any CPU
		{7A96A781-6507-4E74-A54B-E1366A1224C3}.Debug|ARM.Build.0 = Debug|Any CPU
		{7A96A781-6507-4E74-A54B-E1366A1224C3}.Debug|ARM.Deploy.0 = Debug|Any CPU
		{7A96A781-6507-4E74-A54B-E1366A1224C3}.Debug|iPhone.ActiveCfg = Debug|Any CPU
		{7A96A781-6507-4E74-A54B-E1366A1224C3}.Debug|iPhone.Build.0 = Debug|Any CPU
		{7A96A781-6507-4E74-A54B-E1366A1224C3}.Debug|iPhone.Deploy.0 = Debug|Any CPU
		{7A96A781-6507-4E74-A54B-E1366A1224C3}.Debug|iPhoneSimulator.ActiveCfg = Debug|Any CPU
		{7A96A781-6507-4E74-A54B-E1366A1224C3}.Debug|iPhoneSimulator.Build.0 = Debug|Any CPU
		{7A96A781-6507-4E74-A54B-E1366A1224C3}.Debug|iPhoneSimulator.Deploy.0 = Debug|Any CPU
		{7A96A781-6507-4E74-A54B-E1366A1224C3}.Debug|x64.ActiveCfg = Debug|Any CPU
		{7A96A781-6507-4E74-A54B-E1366A1224C3}.Debug|x64.Build.0 = Debug|Any CPU
		{7A96A781-6507-4E74-A54B-E1366A1224C3}.Debug|x64.Deploy.0 = Debug|Any CPU
		{7A96A781-6507-4E74-A54B-E1366A1224C3}.Debug|x86.ActiveCfg = Debug|Any CPU
		{7A96A781-6507-4E74-A54B-E1366A1224C3}.Debug|x86.Build.0 = Debug|Any CPU
		{7A96A781-6507-4E74-A54B-E1366A1224C3}.Debug|x86.Deploy.0 = Debug|Any CPU
		{7A96A781-6507-4E74-A54B-E1366A1224C3}.Release|Any CPU.ActiveCfg = Release|Any CPU
		{7A96A781-6507-4E74-A54B-E1366A1224C3}.Release|Any CPU.Build.0 = Release|Any CPU
		{7A96A781-6507-4E74-A54B-E1366A1224C3}.Release|Any CPU.Deploy.0 = Release|Any CPU
		{7A96A781-6507-4E74-A54B-E1366A1224C3}.Release|ARM.ActiveCfg = Release|Any CPU
		{7A96A781-6507-4E74-A54B-E1366A1224C3}.Release|ARM.Build.0 = Release|Any CPU
		{7A96A781-6507-4E74-A54B-E1366A1224C3}.Release|ARM.Deploy.0 = Release|Any CPU
		{7A96A781-6507-4E74-A54B-E1366A1224C3}.Release|iPhone.ActiveCfg = Release|Any CPU
		{7A96A781-6507-4E74-A54B-E1366A1224C3}.Release|iPhone.Build.0 = Release|Any CPU
		{7A96A781-6507-4E74-A54B-E1366A1224C3}.Release|iPhone.Deploy.0 = Release|Any CPU
		{7A96A781-6507-4E74-A54B-E1366A1224C3}.Release|iPhoneSimulator.ActiveCfg = Release|Any CPU
		{7A96A781-6507-4E74-A54B-E1366A1224C3}.Release|iPhoneSimulator.Build.0 = Release|Any CPU
		{7A96A781-6507-4E74-A54B-E1366A1224C3}.Release|iPhoneSimulator.Deploy.0 = Release|Any CPU
		{7A96A781-6507-4E74-A54B-E1366A1224C3}.Release|x64.ActiveCfg = Release|Any CPU
		{7A96A781-6507-4E74-A54B-E1366A1224C3}.Release|x64.Build.0 = Release|Any CPU
		{7A96A781-6507-4E74-A54B-E1366A1224C3}.Release|x64.Deploy.0 = Release|Any CPU
		{7A96A781-6507-4E74-A54B-E1366A1224C3}.Release|x86.ActiveCfg = Release|Any CPU
		{7A96A781-6507-4E74-A54B-E1366A1224C3}.Release|x86.Build.0 = Release|Any CPU
		{7A96A781-6507-4E74-A54B-E1366A1224C3}.Release|x86.Deploy.0 = Release|Any CPU
		{71172E69-3655-439B-BAE8-C2C993D8340A}.Ad-Hoc|Any CPU.ActiveCfg = Ad-Hoc|iPhone
		{71172E69-3655-439B-BAE8-C2C993D8340A}.Ad-Hoc|ARM.ActiveCfg = Ad-Hoc|iPhone
		{71172E69-3655-439B-BAE8-C2C993D8340A}.Ad-Hoc|iPhone.ActiveCfg = Ad-Hoc|iPhone
		{71172E69-3655-439B-BAE8-C2C993D8340A}.Ad-Hoc|iPhone.Build.0 = Ad-Hoc|iPhone
		{71172E69-3655-439B-BAE8-C2C993D8340A}.Ad-Hoc|iPhoneSimulator.ActiveCfg = Ad-Hoc|iPhoneSimulator
		{71172E69-3655-439B-BAE8-C2C993D8340A}.Ad-Hoc|iPhoneSimulator.Build.0 = Ad-Hoc|iPhoneSimulator
		{71172E69-3655-439B-BAE8-C2C993D8340A}.Ad-Hoc|x64.ActiveCfg = Ad-Hoc|iPhone
		{71172E69-3655-439B-BAE8-C2C993D8340A}.Ad-Hoc|x86.ActiveCfg = Ad-Hoc|iPhone
		{71172E69-3655-439B-BAE8-C2C993D8340A}.AppStore|Any CPU.ActiveCfg = AppStore|iPhone
		{71172E69-3655-439B-BAE8-C2C993D8340A}.AppStore|ARM.ActiveCfg = AppStore|iPhone
		{71172E69-3655-439B-BAE8-C2C993D8340A}.AppStore|iPhone.ActiveCfg = AppStore|iPhone
		{71172E69-3655-439B-BAE8-C2C993D8340A}.AppStore|iPhone.Build.0 = AppStore|iPhone
		{71172E69-3655-439B-BAE8-C2C993D8340A}.AppStore|iPhoneSimulator.ActiveCfg = AppStore|iPhoneSimulator
		{71172E69-3655-439B-BAE8-C2C993D8340A}.AppStore|iPhoneSimulator.Build.0 = AppStore|iPhoneSimulator
		{71172E69-3655-439B-BAE8-C2C993D8340A}.AppStore|x64.ActiveCfg = AppStore|iPhone
		{71172E69-3655-439B-BAE8-C2C993D8340A}.AppStore|x86.ActiveCfg = AppStore|iPhone
		{71172E69-3655-439B-BAE8-C2C993D8340A}.Debug|Any CPU.ActiveCfg = Debug|iPhone
		{71172E69-3655-439B-BAE8-C2C993D8340A}.Debug|ARM.ActiveCfg = Debug|iPhone
		{71172E69-3655-439B-BAE8-C2C993D8340A}.Debug|iPhone.ActiveCfg = Debug|iPhone
		{71172E69-3655-439B-BAE8-C2C993D8340A}.Debug|iPhone.Build.0 = Debug|iPhone
		{71172E69-3655-439B-BAE8-C2C993D8340A}.Debug|iPhoneSimulator.ActiveCfg = Debug|iPhoneSimulator
		{71172E69-3655-439B-BAE8-C2C993D8340A}.Debug|iPhoneSimulator.Build.0 = Debug|iPhoneSimulator
		{71172E69-3655-439B-BAE8-C2C993D8340A}.Debug|x64.ActiveCfg = Debug|iPhone
		{71172E69-3655-439B-BAE8-C2C993D8340A}.Debug|x86.ActiveCfg = Debug|iPhone
		{71172E69-3655-439B-BAE8-C2C993D8340A}.Release|Any CPU.ActiveCfg = Release|iPhone
		{71172E69-3655-439B-BAE8-C2C993D8340A}.Release|ARM.ActiveCfg = Release|iPhone
		{71172E69-3655-439B-BAE8-C2C993D8340A}.Release|iPhone.ActiveCfg = Release|iPhone
		{71172E69-3655-439B-BAE8-C2C993D8340A}.Release|iPhone.Build.0 = Release|iPhone
		{71172E69-3655-439B-BAE8-C2C993D8340A}.Release|iPhoneSimulator.ActiveCfg = Release|iPhoneSimulator
		{71172E69-3655-439B-BAE8-C2C993D8340A}.Release|iPhoneSimulator.Build.0 = Release|iPhoneSimulator
		{71172E69-3655-439B-BAE8-C2C993D8340A}.Release|x64.ActiveCfg = Release|iPhone
		{71172E69-3655-439B-BAE8-C2C993D8340A}.Release|x86.ActiveCfg = Release|iPhone
		{99C0CA39-75D3-494F-9AB2-0B4CFBC893C5}.Ad-Hoc|Any CPU.ActiveCfg = Release|x86
		{99C0CA39-75D3-494F-9AB2-0B4CFBC893C5}.Ad-Hoc|Any CPU.Build.0 = Release|x86
		{99C0CA39-75D3-494F-9AB2-0B4CFBC893C5}.Ad-Hoc|Any CPU.Deploy.0 = Release|x86
		{99C0CA39-75D3-494F-9AB2-0B4CFBC893C5}.Ad-Hoc|ARM.ActiveCfg = Release|ARM
		{99C0CA39-75D3-494F-9AB2-0B4CFBC893C5}.Ad-Hoc|ARM.Build.0 = Release|ARM
		{99C0CA39-75D3-494F-9AB2-0B4CFBC893C5}.Ad-Hoc|ARM.Deploy.0 = Release|ARM
		{99C0CA39-75D3-494F-9AB2-0B4CFBC893C5}.Ad-Hoc|iPhone.ActiveCfg = Release|x86
		{99C0CA39-75D3-494F-9AB2-0B4CFBC893C5}.Ad-Hoc|iPhone.Build.0 = Release|x86
		{99C0CA39-75D3-494F-9AB2-0B4CFBC893C5}.Ad-Hoc|iPhone.Deploy.0 = Release|x86
		{99C0CA39-75D3-494F-9AB2-0B4CFBC893C5}.Ad-Hoc|iPhoneSimulator.ActiveCfg = Release|x86
		{99C0CA39-75D3-494F-9AB2-0B4CFBC893C5}.Ad-Hoc|iPhoneSimulator.Build.0 = Release|x86
		{99C0CA39-75D3-494F-9AB2-0B4CFBC893C5}.Ad-Hoc|iPhoneSimulator.Deploy.0 = Release|x86
		{99C0CA39-75D3-494F-9AB2-0B4CFBC893C5}.Ad-Hoc|x64.ActiveCfg = Release|x64
		{99C0CA39-75D3-494F-9AB2-0B4CFBC893C5}.Ad-Hoc|x64.Build.0 = Release|x64
		{99C0CA39-75D3-494F-9AB2-0B4CFBC893C5}.Ad-Hoc|x64.Deploy.0 = Release|x64
		{99C0CA39-75D3-494F-9AB2-0B4CFBC893C5}.Ad-Hoc|x86.ActiveCfg = Release|x86
		{99C0CA39-75D3-494F-9AB2-0B4CFBC893C5}.Ad-Hoc|x86.Build.0 = Release|x86
		{99C0CA39-75D3-494F-9AB2-0B4CFBC893C5}.Ad-Hoc|x86.Deploy.0 = Release|x86
		{99C0CA39-75D3-494F-9AB2-0B4CFBC893C5}.AppStore|Any CPU.ActiveCfg = Release|x86
		{99C0CA39-75D3-494F-9AB2-0B4CFBC893C5}.AppStore|Any CPU.Build.0 = Release|x86
		{99C0CA39-75D3-494F-9AB2-0B4CFBC893C5}.AppStore|Any CPU.Deploy.0 = Release|x86
		{99C0CA39-75D3-494F-9AB2-0B4CFBC893C5}.AppStore|ARM.ActiveCfg = Release|ARM
		{99C0CA39-75D3-494F-9AB2-0B4CFBC893C5}.AppStore|ARM.Build.0 = Release|ARM
		{99C0CA39-75D3-494F-9AB2-0B4CFBC893C5}.AppStore|ARM.Deploy.0 = Release|ARM
		{99C0CA39-75D3-494F-9AB2-0B4CFBC893C5}.AppStore|iPhone.ActiveCfg = Release|x86
		{99C0CA39-75D3-494F-9AB2-0B4CFBC893C5}.AppStore|iPhone.Build.0 = Release|x86
		{99C0CA39-75D3-494F-9AB2-0B4CFBC893C5}.AppStore|iPhone.Deploy.0 = Release|x86
		{99C0CA39-75D3-494F-9AB2-0B4CFBC893C5}.AppStore|iPhoneSimulator.ActiveCfg = Release|x86
		{99C0CA39-75D3-494F-9AB2-0B4CFBC893C5}.AppStore|iPhoneSimulator.Build.0 = Release|x86
		{99C0CA39-75D3-494F-9AB2-0B4CFBC893C5}.AppStore|iPhoneSimulator.Deploy.0 = Release|x86
		{99C0CA39-75D3-494F-9AB2-0B4CFBC893C5}.AppStore|x64.ActiveCfg = Release|x64
		{99C0CA39-75D3-494F-9AB2-0B4CFBC893C5}.AppStore|x64.Build.0 = Release|x64
		{99C0CA39-75D3-494F-9AB2-0B4CFBC893C5}.AppStore|x64.Deploy.0 = Release|x64
		{99C0CA39-75D3-494F-9AB2-0B4CFBC893C5}.AppStore|x86.ActiveCfg = Release|x86
		{99C0CA39-75D3-494F-9AB2-0B4CFBC893C5}.AppStore|x86.Build.0 = Release|x86
		{99C0CA39-75D3-494F-9AB2-0B4CFBC893C5}.AppStore|x86.Deploy.0 = Release|x86
		{99C0CA39-75D3-494F-9AB2-0B4CFBC893C5}.Debug|Any CPU.ActiveCfg = Debug|x86
		{99C0CA39-75D3-494F-9AB2-0B4CFBC893C5}.Debug|ARM.ActiveCfg = Debug|ARM
		{99C0CA39-75D3-494F-9AB2-0B4CFBC893C5}.Debug|ARM.Build.0 = Debug|ARM
		{99C0CA39-75D3-494F-9AB2-0B4CFBC893C5}.Debug|ARM.Deploy.0 = Debug|ARM
		{99C0CA39-75D3-494F-9AB2-0B4CFBC893C5}.Debug|iPhone.ActiveCfg = Debug|x86
		{99C0CA39-75D3-494F-9AB2-0B4CFBC893C5}.Debug|iPhoneSimulator.ActiveCfg = Debug|x86
		{99C0CA39-75D3-494F-9AB2-0B4CFBC893C5}.Debug|x64.ActiveCfg = Debug|x64
		{99C0CA39-75D3-494F-9AB2-0B4CFBC893C5}.Debug|x64.Build.0 = Debug|x64
		{99C0CA39-75D3-494F-9AB2-0B4CFBC893C5}.Debug|x64.Deploy.0 = Debug|x64
		{99C0CA39-75D3-494F-9AB2-0B4CFBC893C5}.Debug|x86.ActiveCfg = Debug|x86
		{99C0CA39-75D3-494F-9AB2-0B4CFBC893C5}.Debug|x86.Build.0 = Debug|x86
		{99C0CA39-75D3-494F-9AB2-0B4CFBC893C5}.Debug|x86.Deploy.0 = Debug|x86
		{99C0CA39-75D3-494F-9AB2-0B4CFBC893C5}.Release|Any CPU.ActiveCfg = Release|x86
		{99C0CA39-75D3-494F-9AB2-0B4CFBC893C5}.Release|ARM.ActiveCfg = Release|ARM
		{99C0CA39-75D3-494F-9AB2-0B4CFBC893C5}.Release|ARM.Build.0 = Release|ARM
		{99C0CA39-75D3-494F-9AB2-0B4CFBC893C5}.Release|ARM.Deploy.0 = Release|ARM
		{99C0CA39-75D3-494F-9AB2-0B4CFBC893C5}.Release|iPhone.ActiveCfg = Release|x86
		{99C0CA39-75D3-494F-9AB2-0B4CFBC893C5}.Release|iPhoneSimulator.ActiveCfg = Release|x86
		{99C0CA39-75D3-494F-9AB2-0B4CFBC893C5}.Release|x64.ActiveCfg = Release|x64
		{99C0CA39-75D3-494F-9AB2-0B4CFBC893C5}.Release|x64.Build.0 = Release|x64
		{99C0CA39-75D3-494F-9AB2-0B4CFBC893C5}.Release|x64.Deploy.0 = Release|x64
		{99C0CA39-75D3-494F-9AB2-0B4CFBC893C5}.Release|x86.ActiveCfg = Release|x86
		{99C0CA39-75D3-494F-9AB2-0B4CFBC893C5}.Release|x86.Build.0 = Release|x86
		{99C0CA39-75D3-494F-9AB2-0B4CFBC893C5}.Release|x86.Deploy.0 = Release|x86
		{1407FB7F-6AB8-41FE-ABF2-086AE2D849DB}.Ad-Hoc|Any CPU.ActiveCfg = Debug|Any CPU
		{1407FB7F-6AB8-41FE-ABF2-086AE2D849DB}.Ad-Hoc|Any CPU.Build.0 = Debug|Any CPU
		{1407FB7F-6AB8-41FE-ABF2-086AE2D849DB}.Ad-Hoc|ARM.ActiveCfg = Debug|Any CPU
		{1407FB7F-6AB8-41FE-ABF2-086AE2D849DB}.Ad-Hoc|ARM.Build.0 = Debug|Any CPU
		{1407FB7F-6AB8-41FE-ABF2-086AE2D849DB}.Ad-Hoc|iPhone.ActiveCfg = Debug|Any CPU
		{1407FB7F-6AB8-41FE-ABF2-086AE2D849DB}.Ad-Hoc|iPhone.Build.0 = Debug|Any CPU
		{1407FB7F-6AB8-41FE-ABF2-086AE2D849DB}.Ad-Hoc|iPhoneSimulator.ActiveCfg = Debug|Any CPU
		{1407FB7F-6AB8-41FE-ABF2-086AE2D849DB}.Ad-Hoc|iPhoneSimulator.Build.0 = Debug|Any CPU
		{1407FB7F-6AB8-41FE-ABF2-086AE2D849DB}.Ad-Hoc|x64.ActiveCfg = Debug|Any CPU
		{1407FB7F-6AB8-41FE-ABF2-086AE2D849DB}.Ad-Hoc|x64.Build.0 = Debug|Any CPU
		{1407FB7F-6AB8-41FE-ABF2-086AE2D849DB}.Ad-Hoc|x86.ActiveCfg = Debug|Any CPU
		{1407FB7F-6AB8-41FE-ABF2-086AE2D849DB}.Ad-Hoc|x86.Build.0 = Debug|Any CPU
		{1407FB7F-6AB8-41FE-ABF2-086AE2D849DB}.AppStore|Any CPU.ActiveCfg = Debug|Any CPU
		{1407FB7F-6AB8-41FE-ABF2-086AE2D849DB}.AppStore|Any CPU.Build.0 = Debug|Any CPU
		{1407FB7F-6AB8-41FE-ABF2-086AE2D849DB}.AppStore|ARM.ActiveCfg = Debug|Any CPU
		{1407FB7F-6AB8-41FE-ABF2-086AE2D849DB}.AppStore|ARM.Build.0 = Debug|Any CPU
		{1407FB7F-6AB8-41FE-ABF2-086AE2D849DB}.AppStore|iPhone.ActiveCfg = Debug|Any CPU
		{1407FB7F-6AB8-41FE-ABF2-086AE2D849DB}.AppStore|iPhone.Build.0 = Debug|Any CPU
		{1407FB7F-6AB8-41FE-ABF2-086AE2D849DB}.AppStore|iPhoneSimulator.ActiveCfg = Debug|Any CPU
		{1407FB7F-6AB8-41FE-ABF2-086AE2D849DB}.AppStore|iPhoneSimulator.Build.0 = Debug|Any CPU
		{1407FB7F-6AB8-41FE-ABF2-086AE2D849DB}.AppStore|x64.ActiveCfg = Debug|Any CPU
		{1407FB7F-6AB8-41FE-ABF2-086AE2D849DB}.AppStore|x64.Build.0 = Debug|Any CPU
		{1407FB7F-6AB8-41FE-ABF2-086AE2D849DB}.AppStore|x86.ActiveCfg = Debug|Any CPU
		{1407FB7F-6AB8-41FE-ABF2-086AE2D849DB}.AppStore|x86.Build.0 = Debug|Any CPU
		{1407FB7F-6AB8-41FE-ABF2-086AE2D849DB}.Debug|Any CPU.ActiveCfg = Debug|Any CPU
		{1407FB7F-6AB8-41FE-ABF2-086AE2D849DB}.Debug|Any CPU.Build.0 = Debug|Any CPU
		{1407FB7F-6AB8-41FE-ABF2-086AE2D849DB}.Debug|ARM.ActiveCfg = Debug|Any CPU
		{1407FB7F-6AB8-41FE-ABF2-086AE2D849DB}.Debug|ARM.Build.0 = Debug|Any CPU
		{1407FB7F-6AB8-41FE-ABF2-086AE2D849DB}.Debug|iPhone.ActiveCfg = Debug|Any CPU
		{1407FB7F-6AB8-41FE-ABF2-086AE2D849DB}.Debug|iPhone.Build.0 = Debug|Any CPU
		{1407FB7F-6AB8-41FE-ABF2-086AE2D849DB}.Debug|iPhoneSimulator.ActiveCfg = Debug|Any CPU
		{1407FB7F-6AB8-41FE-ABF2-086AE2D849DB}.Debug|iPhoneSimulator.Build.0 = Debug|Any CPU
		{1407FB7F-6AB8-41FE-ABF2-086AE2D849DB}.Debug|x64.ActiveCfg = Debug|Any CPU
		{1407FB7F-6AB8-41FE-ABF2-086AE2D849DB}.Debug|x64.Build.0 = Debug|Any CPU
		{1407FB7F-6AB8-41FE-ABF2-086AE2D849DB}.Debug|x86.ActiveCfg = Debug|Any CPU
		{1407FB7F-6AB8-41FE-ABF2-086AE2D849DB}.Debug|x86.Build.0 = Debug|Any CPU
		{1407FB7F-6AB8-41FE-ABF2-086AE2D849DB}.Release|Any CPU.ActiveCfg = Release|Any CPU
		{1407FB7F-6AB8-41FE-ABF2-086AE2D849DB}.Release|Any CPU.Build.0 = Release|Any CPU
		{1407FB7F-6AB8-41FE-ABF2-086AE2D849DB}.Release|ARM.ActiveCfg = Release|Any CPU
		{1407FB7F-6AB8-41FE-ABF2-086AE2D849DB}.Release|ARM.Build.0 = Release|Any CPU
		{1407FB7F-6AB8-41FE-ABF2-086AE2D849DB}.Release|iPhone.ActiveCfg = Release|Any CPU
		{1407FB7F-6AB8-41FE-ABF2-086AE2D849DB}.Release|iPhone.Build.0 = Release|Any CPU
		{1407FB7F-6AB8-41FE-ABF2-086AE2D849DB}.Release|iPhoneSimulator.ActiveCfg = Release|Any CPU
		{1407FB7F-6AB8-41FE-ABF2-086AE2D849DB}.Release|iPhoneSimulator.Build.0 = Release|Any CPU
		{1407FB7F-6AB8-41FE-ABF2-086AE2D849DB}.Release|x64.ActiveCfg = Release|Any CPU
		{1407FB7F-6AB8-41FE-ABF2-086AE2D849DB}.Release|x64.Build.0 = Release|Any CPU
		{1407FB7F-6AB8-41FE-ABF2-086AE2D849DB}.Release|x86.ActiveCfg = Release|Any CPU
		{1407FB7F-6AB8-41FE-ABF2-086AE2D849DB}.Release|x86.Build.0 = Release|Any CPU
	EndGlobalSection
	GlobalSection(SolutionProperties) = preSolution
		HideSolutionNode = FALSE
	EndGlobalSection
	GlobalSection(ExtensibilityGlobals) = postSolution
		SolutionGuid = {AFA4D049-A028-4CAC-BC62-C3868F20121F}
	EndGlobalSection
EndGlobal
